
Microsoft Visual Studio Solution File, Format Version 12.00
# Visual Studio Version 16
VisualStudioVersion = 16.0.30114.105
MinimumVisualStudioVersion = 10.0.40219.1
Project("{FAE04EC0-301F-11D3-BF4B-00C04F79EFBC}") = "API", "api\API.csproj", "{29F9AF2F-0608-48ED-95AF-DE74E421B79F}"
EndProject
Project("{FAE04EC0-301F-11D3-BF4B-00C04F79EFBC}") = "Application", "application\Application.csproj", "{C0A5C216-1266-4EE1-A210-3E635F22F32D}"
EndProject
Project("{FAE04EC0-301F-11D3-BF4B-00C04F79EFBC}") = "Persistence", "persistence\Persistence.csproj", "{BAB08F40-648A-4CED-BCC7-1CACCAD4773F}"
EndProject
Project("{FAE04EC0-301F-11D3-BF4B-00C04F79EFBC}") = "Domain", "domain\Domain.csproj", "{C2E659C3-047E-49E6-9079-F2BC1129C148}"
EndProject
Project("{FAE04EC0-301F-11D3-BF4B-00C04F79EFBC}") = "Infrastructure", "infrastructure\Infrastructure.csproj", "{64FB7B9A-CE59-4CFC-916B-9F43F901E078}"
EndProject
Global
	GlobalSection(SolutionConfigurationPlatforms) = preSolution
		Debug|Any CPU = Debug|Any CPU
		Debug|x64 = Debug|x64
		Debug|x86 = Debug|x86
		Release|Any CPU = Release|Any CPU
		Release|x64 = Release|x64
		Release|x86 = Release|x86
	EndGlobalSection
	GlobalSection(SolutionProperties) = preSolution
		HideSolutionNode = FALSE
	EndGlobalSection
	GlobalSection(ProjectConfigurationPlatforms) = postSolution
		{29F9AF2F-0608-48ED-95AF-DE74E421B79F}.Debug|Any CPU.ActiveCfg = Debug|Any CPU
		{29F9AF2F-0608-48ED-95AF-DE74E421B79F}.Debug|Any CPU.Build.0 = Debug|Any CPU
		{29F9AF2F-0608-48ED-95AF-DE74E421B79F}.Debug|x64.ActiveCfg = Debug|Any CPU
		{29F9AF2F-0608-48ED-95AF-DE74E421B79F}.Debug|x64.Build.0 = Debug|Any CPU
		{29F9AF2F-0608-48ED-95AF-DE74E421B79F}.Debug|x86.ActiveCfg = Debug|Any CPU
		{29F9AF2F-0608-48ED-95AF-DE74E421B79F}.Debug|x86.Build.0 = Debug|Any CPU
		{29F9AF2F-0608-48ED-95AF-DE74E421B79F}.Release|Any CPU.ActiveCfg = Release|Any CPU
		{29F9AF2F-0608-48ED-95AF-DE74E421B79F}.Release|Any CPU.Build.0 = Release|Any CPU
		{29F9AF2F-0608-48ED-95AF-DE74E421B79F}.Release|x64.ActiveCfg = Release|Any CPU
		{29F9AF2F-0608-48ED-95AF-DE74E421B79F}.Release|x64.Build.0 = Release|Any CPU
		{29F9AF2F-0608-48ED-95AF-DE74E421B79F}.Release|x86.ActiveCfg = Release|Any CPU
		{29F9AF2F-0608-48ED-95AF-DE74E421B79F}.Release|x86.Build.0 = Release|Any CPU
		{C0A5C216-1266-4EE1-A210-3E635F22F32D}.Debug|Any CPU.ActiveCfg = Debug|Any CPU
		{C0A5C216-1266-4EE1-A210-3E635F22F32D}.Debug|Any CPU.Build.0 = Debug|Any CPU
		{C0A5C216-1266-4EE1-A210-3E635F22F32D}.Debug|x64.ActiveCfg = Debug|Any CPU
		{C0A5C216-1266-4EE1-A210-3E635F22F32D}.Debug|x64.Build.0 = Debug|Any CPU
		{C0A5C216-1266-4EE1-A210-3E635F22F32D}.Debug|x86.ActiveCfg = Debug|Any CPU
		{C0A5C216-1266-4EE1-A210-3E635F22F32D}.Debug|x86.Build.0 = Debug|Any CPU
		{C0A5C216-1266-4EE1-A210-3E635F22F32D}.Release|Any CPU.ActiveCfg = Release|Any CPU
		{C0A5C216-1266-4EE1-A210-3E635F22F32D}.Release|Any CPU.Build.0 = Release|Any CPU
		{C0A5C216-1266-4EE1-A210-3E635F22F32D}.Release|x64.ActiveCfg = Release|Any CPU
		{C0A5C216-1266-4EE1-A210-3E635F22F32D}.Release|x64.Build.0 = Release|Any CPU
		{C0A5C216-1266-4EE1-A210-3E635F22F32D}.Release|x86.ActiveCfg = Release|Any CPU
		{C0A5C216-1266-4EE1-A210-3E635F22F32D}.Release|x86.Build.0 = Release|Any CPU
		{BAB08F40-648A-4CED-BCC7-1CACCAD4773F}.Debug|Any CPU.ActiveCfg = Debug|Any CPU
		{BAB08F40-648A-4CED-BCC7-1CACCAD4773F}.Debug|Any CPU.Build.0 = Debug|Any CPU
		{BAB08F40-648A-4CED-BCC7-1CACCAD4773F}.Debug|x64.ActiveCfg = Debug|Any CPU
		{BAB08F40-648A-4CED-BCC7-1CACCAD4773F}.Debug|x64.Build.0 = Debug|Any CPU
		{BAB08F40-648A-4CED-BCC7-1CACCAD4773F}.Debug|x86.ActiveCfg = Debug|Any CPU
		{BAB08F40-648A-4CED-BCC7-1CACCAD4773F}.Debug|x86.Build.0 = Debug|Any CPU
		{BAB08F40-648A-4CED-BCC7-1CACCAD4773F}.Release|Any CPU.ActiveCfg = Release|Any CPU
		{BAB08F40-648A-4CED-BCC7-1CACCAD4773F}.Release|Any CPU.Build.0 = Release|Any CPU
		{BAB08F40-648A-4CED-BCC7-1CACCAD4773F}.Release|x64.ActiveCfg = Release|Any CPU
		{BAB08F40-648A-4CED-BCC7-1CACCAD4773F}.Release|x64.Build.0 = Release|Any CPU
		{BAB08F40-648A-4CED-BCC7-1CACCAD4773F}.Release|x86.ActiveCfg = Release|Any CPU
		{BAB08F40-648A-4CED-BCC7-1CACCAD4773F}.Release|x86.Build.0 = Release|Any CPU
		{C2E659C3-047E-49E6-9079-F2BC1129C148}.Debug|Any CPU.ActiveCfg = Debug|Any CPU
		{C2E659C3-047E-49E6-9079-F2BC1129C148}.Debug|Any CPU.Build.0 = Debug|Any CPU
		{C2E659C3-047E-49E6-9079-F2BC1129C148}.Debug|x64.ActiveCfg = Debug|Any CPU
		{C2E659C3-047E-49E6-9079-F2BC1129C148}.Debug|x64.Build.0 = Debug|Any CPU
		{C2E659C3-047E-49E6-9079-F2BC1129C148}.Debug|x86.ActiveCfg = Debug|Any CPU
		{C2E659C3-047E-49E6-9079-F2BC1129C148}.Debug|x86.Build.0 = Debug|Any CPU
		{C2E659C3-047E-49E6-9079-F2BC1129C148}.Release|Any CPU.ActiveCfg = Release|Any CPU
		{C2E659C3-047E-49E6-9079-F2BC1129C148}.Release|Any CPU.Build.0 = Release|Any CPU
		{C2E659C3-047E-49E6-9079-F2BC1129C148}.Release|x64.ActiveCfg = Release|Any CPU
		{C2E659C3-047E-49E6-9079-F2BC1129C148}.Release|x64.Build.0 = Release|Any CPU
		{C2E659C3-047E-49E6-9079-F2BC1129C148}.Release|x86.ActiveCfg = Release|Any CPU
		{C2E659C3-047E-49E6-9079-F2BC1129C148}.Release|x86.Build.0 = Release|Any CPU
		{64FB7B9A-CE59-4CFC-916B-9F43F901E078}.Debug|Any CPU.ActiveCfg = Debug|Any CPU
		{64FB7B9A-CE59-4CFC-916B-9F43F901E078}.Debug|Any CPU.Build.0 = Debug|Any CPU
		{64FB7B9A-CE59-4CFC-916B-9F43F901E078}.Debug|x64.ActiveCfg = Debug|Any CPU
		{64FB7B9A-CE59-4CFC-916B-9F43F901E078}.Debug|x64.Build.0 = Debug|Any CPU
		{64FB7B9A-CE59-4CFC-916B-9F43F901E078}.Debug|x86.ActiveCfg = Debug|Any CPU
		{64FB7B9A-CE59-4CFC-916B-9F43F901E078}.Debug|x86.Build.0 = Debug|Any CPU
		{64FB7B9A-CE59-4CFC-916B-9F43F901E078}.Release|Any CPU.ActiveCfg = Release|Any CPU
		{64FB7B9A-CE59-4CFC-916B-9F43F901E078}.Release|Any CPU.Build.0 = Release|Any CPU
		{64FB7B9A-CE59-4CFC-916B-9F43F901E078}.Release|x64.ActiveCfg = Release|Any CPU
		{64FB7B9A-CE59-4CFC-916B-9F43F901E078}.Release|x64.Build.0 = Release|Any CPU
		{64FB7B9A-CE59-4CFC-916B-9F43F901E078}.Release|x86.ActiveCfg = Release|Any CPU
		{64FB7B9A-CE59-4CFC-916B-9F43F901E078}.Release|x86.Build.0 = Release|Any CPU
	EndGlobalSection
EndGlobal
